// !$*UTF8*$!
{
	archiveVersion = 1;
	classes = {
	};
	objectVersion = 46;
	objects = {

/* Begin PBXBuildFile section */
		553FE2431B6FE2D100A4AD11 /* AppDelegate.swift in Sources */ = {isa = PBXBuildFile; fileRef = 553FE2421B6FE2D100A4AD11 /* AppDelegate.swift */; };
		553FE2451B6FE2D100A4AD11 /* ViewController.swift in Sources */ = {isa = PBXBuildFile; fileRef = 553FE2441B6FE2D100A4AD11 /* ViewController.swift */; };
		553FE2481B6FE2D100A4AD11 /* Main.storyboard in Resources */ = {isa = PBXBuildFile; fileRef = 553FE2461B6FE2D100A4AD11 /* Main.storyboard */; };
		553FE24A1B6FE2D100A4AD11 /* Images.xcassets in Resources */ = {isa = PBXBuildFile; fileRef = 553FE2491B6FE2D100A4AD11 /* Images.xcassets */; };
		553FE24D1B6FE2D100A4AD11 /* LaunchScreen.xib in Resources */ = {isa = PBXBuildFile; fileRef = 553FE24B1B6FE2D100A4AD11 /* LaunchScreen.xib */; };
		553FE2591B6FE2D100A4AD11 /* CollectionAnimationTestTests.swift in Sources */ = {isa = PBXBuildFile; fileRef = 553FE2581B6FE2D100A4AD11 /* CollectionAnimationTestTests.swift */; };
		553FE2631B6FE3FB00A4AD11 /* DataSource.swift in Sources */ = {isa = PBXBuildFile; fileRef = 553FE2621B6FE3FA00A4AD11 /* DataSource.swift */; };
		553FE2691B6FE6A600A4AD11 /* AnimatingFlowLayout.swift in Sources */ = {isa = PBXBuildFile; fileRef = 553FE2681B6FE6A600A4AD11 /* AnimatingFlowLayout.swift */; };
		553FE26B1B6FE7D200A4AD11 /* CellLayoutAttributes.swift in Sources */ = {isa = PBXBuildFile; fileRef = 553FE26A1B6FE7D200A4AD11 /* CellLayoutAttributes.swift */; };
		553FE26D1B6FED0C00A4AD11 /* CollectionCell.swift in Sources */ = {isa = PBXBuildFile; fileRef = 553FE26C1B6FED0C00A4AD11 /* CollectionCell.swift */; };
/* End PBXBuildFile section */

/* Begin PBXContainerItemProxy section */
		553FE2531B6FE2D100A4AD11 /* PBXContainerItemProxy */ = {
			isa = PBXContainerItemProxy;
			containerPortal = 553FE2351B6FE2D100A4AD11 /* Project object */;
			proxyType = 1;
			remoteGlobalIDString = 553FE23C1B6FE2D100A4AD11;
			remoteInfo = CollectionAnimationTest;
		};
/* End PBXContainerItemProxy section */

/* Begin PBXFileReference section */
		553FE23D1B6FE2D100A4AD11 /* CollectionAnimationTest.app */ = {isa = PBXFileReference; explicitFileType = wrapper.application; includeInIndex = 0; path = CollectionAnimationTest.app; sourceTree = BUILT_PRODUCTS_DIR; };
		553FE2411B6FE2D100A4AD11 /* Info.plist */ = {isa = PBXFileReference; lastKnownFileType = text.plist.xml; path = Info.plist; sourceTree = "<group>"; };
		553FE2421B6FE2D100A4AD11 /* AppDelegate.swift */ = {isa = PBXFileReference; lastKnownFileType = sourcecode.swift; path = AppDelegate.swift; sourceTree = "<group>"; };
		553FE2441B6FE2D100A4AD11 /* ViewController.swift */ = {isa = PBXFileReference; lastKnownFileType = sourcecode.swift; path = ViewController.swift; sourceTree = "<group>"; };
		553FE2471B6FE2D100A4AD11 /* Base */ = {isa = PBXFileReference; lastKnownFileType = file.storyboard; name = Base; path = Base.lproj/Main.storyboard; sourceTree = "<group>"; };
		553FE2491B6FE2D100A4AD11 /* Images.xcassets */ = {isa = PBXFileReference; lastKnownFileType = folder.assetcatalog; path = Images.xcassets; sourceTree = "<group>"; };
		553FE24C1B6FE2D100A4AD11 /* Base */ = {isa = PBXFileReference; lastKnownFileType = file.xib; name = Base; path = Base.lproj/LaunchScreen.xib; sourceTree = "<group>"; };
		553FE2521B6FE2D100A4AD11 /* CollectionAnimationTestTests.xctest */ = {isa = PBXFileReference; explicitFileType = wrapper.cfbundle; includeInIndex = 0; path = CollectionAnimationTestTests.xctest; sourceTree = BUILT_PRODUCTS_DIR; };
		553FE2571B6FE2D100A4AD11 /* Info.plist */ = {isa = PBXFileReference; lastKnownFileType = text.plist.xml; path = Info.plist; sourceTree = "<group>"; };
		553FE2581B6FE2D100A4AD11 /* CollectionAnimationTestTests.swift */ = {isa = PBXFileReference; lastKnownFileType = sourcecode.swift; path = CollectionAnimationTestTests.swift; sourceTree = "<group>"; };
		553FE2621B6FE3FA00A4AD11 /* DataSource.swift */ = {isa = PBXFileReference; fileEncoding = 4; lastKnownFileType = sourcecode.swift; path = DataSource.swift; sourceTree = "<group>"; };
		553FE2681B6FE6A600A4AD11 /* AnimatingFlowLayout.swift */ = {isa = PBXFileReference; fileEncoding = 4; lastKnownFileType = sourcecode.swift; path = AnimatingFlowLayout.swift; sourceTree = "<group>"; };
		553FE26A1B6FE7D200A4AD11 /* CellLayoutAttributes.swift */ = {isa = PBXFileReference; fileEncoding = 4; lastKnownFileType = sourcecode.swift; path = CellLayoutAttributes.swift; sourceTree = "<group>"; };
		553FE26C1B6FED0C00A4AD11 /* CollectionCell.swift */ = {isa = PBXFileReference; fileEncoding = 4; lastKnownFileType = sourcecode.swift; path = CollectionCell.swift; sourceTree = "<group>"; };
/* End PBXFileReference section */

/* Begin PBXFrameworksBuildPhase section */
		553FE23A1B6FE2D100A4AD11 /* Frameworks */ = {
			isa = PBXFrameworksBuildPhase;
			buildActionMask = 2147483647;
			files = (
			);
			runOnlyForDeploymentPostprocessing = 0;
		};
		553FE24F1B6FE2D100A4AD11 /* Frameworks */ = {
			isa = PBXFrameworksBuildPhase;
			buildActionMask = 2147483647;
			files = (
			);
			runOnlyForDeploymentPostprocessing = 0;
		};
/* End PBXFrameworksBuildPhase section */

/* Begin PBXGroup section */
		553FE2341B6FE2D100A4AD11 = {
			isa = PBXGroup;
			children = (
				553FE23F1B6FE2D100A4AD11 /* CollectionAnimationTest */,
				553FE2551B6FE2D100A4AD11 /* CollectionAnimationTestTests */,
				553FE23E1B6FE2D100A4AD11 /* Products */,
			);
			sourceTree = "<group>";
		};
		553FE23E1B6FE2D100A4AD11 /* Products */ = {
			isa = PBXGroup;
			children = (
				553FE23D1B6FE2D100A4AD11 /* CollectionAnimationTest.app */,
				553FE2521B6FE2D100A4AD11 /* CollectionAnimationTestTests.xctest */,
			);
			name = Products;
			sourceTree = "<group>";
		};
		553FE23F1B6FE2D100A4AD11 /* CollectionAnimationTest */ = {
			isa = PBXGroup;
			children = (
				553FE2621B6FE3FA00A4AD11 /* DataSource.swift */,
				553FE2441B6FE2D100A4AD11 /* ViewController.swift */,
				553FE2461B6FE2D100A4AD11 /* Main.storyboard */,
				553FE2401B6FE2D100A4AD11 /* Supporting Files */,
				553FE2681B6FE6A600A4AD11 /* AnimatingFlowLayout.swift */,
				553FE26A1B6FE7D200A4AD11 /* CellLayoutAttributes.swift */,
				553FE26C1B6FED0C00A4AD11 /* CollectionCell.swift */,
			);
			path = CollectionAnimationTest;
			sourceTree = "<group>";
		};
		553FE2401B6FE2D100A4AD11 /* Supporting Files */ = {
			isa = PBXGroup;
			children = (
				553FE2421B6FE2D100A4AD11 /* AppDelegate.swift */,
				553FE24B1B6FE2D100A4AD11 /* LaunchScreen.xib */,
				553FE2491B6FE2D100A4AD11 /* Images.xcassets */,
				553FE2411B6FE2D100A4AD11 /* Info.plist */,
			);
			name = "Supporting Files";
			sourceTree = "<group>";
		};
		553FE2551B6FE2D100A4AD11 /* CollectionAnimationTestTests */ = {
			isa = PBXGroup;
			children = (
				553FE2581B6FE2D100A4AD11 /* CollectionAnimationTestTests.swift */,
				553FE2561B6FE2D100A4AD11 /* Supporting Files */,
			);
			path = CollectionAnimationTestTests;
			sourceTree = "<group>";
		};
		553FE2561B6FE2D100A4AD11 /* Supporting Files */ = {
			isa = PBXGroup;
			children = (
				553FE2571B6FE2D100A4AD11 /* Info.plist */,
			);
			name = "Supporting Files";
			sourceTree = "<group>";
		};
/* End PBXGroup section */

/* Begin PBXNativeTarget section */
		553FE23C1B6FE2D100A4AD11 /* CollectionAnimationTest */ = {
			isa = PBXNativeTarget;
			buildConfigurationList = 553FE25C1B6FE2D100A4AD11 /* Build configuration list for PBXNativeTarget "CollectionAnimationTest" */;
			buildPhases = (
				553FE2391B6FE2D100A4AD11 /* Sources */,
				553FE23A1B6FE2D100A4AD11 /* Frameworks */,
				553FE23B1B6FE2D100A4AD11 /* Resources */,
			);
			buildRules = (
			);
			dependencies = (
			);
			name = CollectionAnimationTest;
			productName = CollectionAnimationTest;
			productReference = 553FE23D1B6FE2D100A4AD11 /* CollectionAnimationTest.app */;
			productType = "com.apple.product-type.application";
		};
		553FE2511B6FE2D100A4AD11 /* CollectionAnimationTestTests */ = {
			isa = PBXNativeTarget;
			buildConfigurationList = 553FE25F1B6FE2D100A4AD11 /* Build configuration list for PBXNativeTarget "CollectionAnimationTestTests" */;
			buildPhases = (
				553FE24E1B6FE2D100A4AD11 /* Sources */,
				553FE24F1B6FE2D100A4AD11 /* Frameworks */,
				553FE2501B6FE2D100A4AD11 /* Resources */,
			);
			buildRules = (
			);
			dependencies = (
				553FE2541B6FE2D100A4AD11 /* PBXTargetDependency */,
			);
			name = CollectionAnimationTestTests;
			productName = CollectionAnimationTestTests;
			productReference = 553FE2521B6FE2D100A4AD11 /* CollectionAnimationTestTests.xctest */;
			productType = "com.apple.product-type.bundle.unit-test";
		};
/* End PBXNativeTarget section */

/* Begin PBXProject section */
		553FE2351B6FE2D100A4AD11 /* Project object */ = {
			isa = PBXProject;
			attributes = {
				LastUpgradeCheck = 0640;
				ORGANIZATIONNAME = "Devedup Ltd";
				TargetAttributes = {
					553FE23C1B6FE2D100A4AD11 = {
						CreatedOnToolsVersion = 6.4;
					};
					553FE2511B6FE2D100A4AD11 = {
						CreatedOnToolsVersion = 6.4;
						TestTargetID = 553FE23C1B6FE2D100A4AD11;
					};
				};
			};
			buildConfigurationList = 553FE2381B6FE2D100A4AD11 /* Build configuration list for PBXProject "CollectionAnimationTest" */;
			compatibilityVersion = "Xcode 3.2";
			developmentRegion = English;
			hasScannedForEncodings = 0;
			knownRegions = (
				en,
				Base,
			);
			mainGroup = 553FE2341B6FE2D100A4AD11;
			productRefGroup = 553FE23E1B6FE2D100A4AD11 /* Products */;
			projectDirPath = "";
			projectRoot = "";
			targets = (
				553FE23C1B6FE2D100A4AD11 /* CollectionAnimationTest */,
				553FE2511B6FE2D100A4AD11 /* CollectionAnimationTestTests */,
			);
		};
/* End PBXProject section */

/* Begin PBXResourcesBuildPhase section */
		553FE23B1B6FE2D100A4AD11 /* Resources */ = {
			isa = PBXResourcesBuildPhase;
			buildActionMask = 2147483647;
			files = (
				553FE2481B6FE2D100A4AD11 /* Main.storyboard in Resources */,
				553FE24D1B6FE2D100A4AD11 /* LaunchScreen.xib in Resources */,
				553FE24A1B6FE2D100A4AD11 /* Images.xcassets in Resources */,
			);
			runOnlyForDeploymentPostprocessing = 0;
		};
		553FE2501B6FE2D100A4AD11 /* Resources */ = {
			isa = PBXResourcesBuildPhase;
			buildActionMask = 2147483647;
			files = (
			);
			runOnlyForDeploymentPostprocessing = 0;
		};
/* End PBXResourcesBuildPhase section */

/* Begin PBXSourcesBuildPhase section */
		553FE2391B6FE2D100A4AD11 /* Sources */ = {
			isa = PBXSourcesBuildPhase;
			buildActionMask = 2147483647;
			files = (
				553FE2631B6FE3FB00A4AD11 /* DataSource.swift in Sources */,
				553FE26B1B6FE7D200A4AD11 /* CellLayoutAttributes.swift in Sources */,
				553FE2451B6FE2D100A4AD11 /* ViewController.swift in Sources */,
				553FE2691B6FE6A600A4AD11 /* AnimatingFlowLayout.swift in Sources */,
				553FE2431B6FE2D100A4AD11 /* AppDelegate.swift in Sources */,
				553FE26D1B6FED0C00A4AD11 /* CollectionCell.swift in Sources */,
			);
			runOnlyForDeploymentPostprocessing = 0;
		};
		553FE24E1B6FE2D100A4AD11 /* Sources */ = {
			isa = PBXSourcesBuildPhase;
			buildActionMask = 2147483647;
			files = (
				553FE2591B6FE2D100A4AD11 /* CollectionAnimationTestTests.swift in Sources */,
			);
			runOnlyForDeploymentPostprocessing = 0;
		};
/* End PBXSourcesBuildPhase section */

/* Begin PBXTargetDependency section */
		553FE2541B6FE2D100A4AD11 /* PBXTargetDependency */ = {
			isa = PBXTargetDependency;
			target = 553FE23C1B6FE2D100A4AD11 /* CollectionAnimationTest */;
			targetProxy = 553FE2531B6FE2D100A4AD11 /* PBXContainerItemProxy */;
		};
/* End PBXTargetDependency section */

/* Begin PBXVariantGroup section */
		553FE2461B6FE2D100A4AD11 /* Main.storyboard */ = {
			isa = PBXVariantGroup;
			children = (
				553FE2471B6FE2D100A4AD11 /* Base */,
			);
			name = Main.storyboard;
			sourceTree = "<group>";
		};
		553FE24B1B6FE2D100A4AD11 /* LaunchScreen.xib */ = {
			isa = PBXVariantGroup;
			children = (
				553FE24C1B6FE2D100A4AD11 /* Base */,
			);
			name = LaunchScreen.xib;
			sourceTree = "<group>";
		};
/* End PBXVariantGroup section */

/* Begin XCBuildConfiguration section */
		553FE25A1B6FE2D100A4AD11 /* Debug */ = {
			isa = XCBuildConfiguration;
			buildSettings = {
				ALWAYS_SEARCH_USER_PATHS = NO;
				CLANG_CXX_LANGUAGE_STANDARD = "gnu++0x";
				CLANG_CXX_LIBRARY = "libc++";
				CLANG_ENABLE_MODULES = YES;
				CLANG_ENABLE_OBJC_ARC = YES;
				CLANG_WARN_BOOL_CONVERSION = YES;
				CLANG_WARN_CONSTANT_CONVERSION = YES;
				CLANG_WARN_DIRECT_OBJC_ISA_USAGE = YES_ERROR;
				CLANG_WARN_EMPTY_BODY = YES;
				CLANG_WARN_ENUM_CONVERSION = YES;
				CLANG_WARN_INT_CONVERSION = YES;
				CLANG_WARN_OBJC_ROOT_CLASS = YES_ERROR;
				CLANG_WARN_UNREACHABLE_CODE = YES;
				CLANG_WARN__DUPLICATE_METHOD_MATCH = YES;
				"CODE_SIGN_IDENTITY[sdk=iphoneos*]" = "iPhone Developer";
				COPY_PHASE_STRIP = NO;
				DEBUG_INFORMATION_FORMAT = "dwarf-with-dsym";
				ENABLE_STRICT_OBJC_MSGSEND = YES;
				GCC_C_LANGUAGE_STANDARD = gnu99;
				GCC_DYNAMIC_NO_PIC = NO;
				GCC_NO_COMMON_BLOCKS = YES;
				GCC_OPTIMIZATION_LEVEL = 0;
				GCC_PREPROCESSOR_DEFINITIONS = (
					"DEBUG=1",
					"$(inherited)",
				);
				GCC_SYMBOLS_PRIVATE_EXTERN = NO;
				GCC_WARN_64_TO_32_BIT_CONVERSION = YES;
				GCC_WARN_ABOUT_RETURN_TYPE = YES_ERROR;
				GCC_WARN_UNDECLARED_SELECTOR = YES;
				GCC_WARN_UNINITIALIZED_AUTOS = YES_AGGRESSIVE;
				GCC_WARN_UNUSED_FUNCTION = YES;
				GCC_WARN_UNUSED_VARIABLE = YES;
				IPHONEOS_DEPLOYMENT_TARGET = 8.4;
				MTL_ENABLE_DEBUG_INFO = YES;
				ONLY_ACTIVE_ARCH = YES;
				SDKROOT = iphoneos;
				SWIFT_OPTIMIZATION_LEVEL = "-Onone";
				TARGETED_DEVICE_FAMILY = "1,2";
			};
			name = Debug;
		};
		553FE25B1B6FE2D100A4AD11 /* Release */ = {
			isa = XCBuildConfiguration;
			buildSettings = {
				ALWAYS_SEARCH_USER_PATHS = NO;
				CLANG_CXX_LANGUAGE_STANDARD = "gnu++0x";
				CLANG_CXX_LIBRARY = "libc++";
				CLANG_ENABLE_MODULES = YES;
				CLANG_ENABLE_OBJC_ARC = YES;
				CLANG_WARN_BOOL_CONVERSION = YES;
				CLANG_WARN_CONSTANT_CONVERSION = YES;
				CLANG_WARN_DIRECT_OBJC_ISA_USAGE = YES_ERROR;
				CLANG_WARN_EMPTY_BODY = YES;
				CLANG_WARN_ENUM_CONVERSION = YES;
				CLANG_WARN_INT_CONVERSION = YES;
				CLANG_WARN_OBJC_ROOT_CLASS = YES_ERROR;
				CLANG_WARN_UNREACHABLE_CODE = YES;
				CLANG_WARN__DUPLICATE_METHOD_MATCH = YES;
				"CODE_SIGN_IDENTITY[sdk=iphoneos*]" = "iPhone Developer";
				COPY_PHASE_STRIP = NO;
				DEBUG_INFORMATION_FORMAT = "dwarf-with-dsym";
				ENABLE_NS_ASSERTIONS = NO;
				ENABLE_STRICT_OBJC_MSGSEND = YES;
				GCC_C_LANGUAGE_STANDARD = gnu99;
				GCC_NO_COMMON_BLOCKS = YES;
				GCC_WARN_64_TO_32_BIT_CONVERSION = YES;
				GCC_WARN_ABOUT_RETURN_TYPE = YES_ERROR;
				GCC_WARN_UNDECLARED_SELECTOR = YES;
				GCC_WARN_UNINITIALIZED_AUTOS = YES_AGGRESSIVE;
				GCC_WARN_UNUSED_FUNCTION = YES;
				GCC_WARN_UNUSED_VARIABLE = YES;
				IPHONEOS_DEPLOYMENT_TARGET = 8.4;
				MTL_ENABLE_DEBUG_INFO = NO;
				SDKROOT = iphoneos;
				TARGETED_DEVICE_FAMILY = "1,2";
				VALIDATE_PRODUCT = YES;
			};
			name = Release;
		};
		553FE25D1B6FE2D100A4AD11 /* Debug */ = {
			isa = XCBuildConfiguration;
			buildSettings = {
				ASSETCATALOG_COMPILER_APPICON_NAME = AppIcon;
				INFOPLIST_FILE = CollectionAnimationTest/Info.plist;
				LD_RUNPATH_SEARCH_PATHS = "$(inherited) @executable_path/Frameworks";
				PRODUCT_NAME = "$(TARGET_NAME)";
			};
			name = Debug;
		};
		553FE25E1B6FE2D100A4AD11 /* Release */ = {
			isa = XCBuildConfiguration;
			buildSettings = {
				ASSETCATALOG_COMPILER_APPICON_NAME = AppIcon;
				INFOPLIST_FILE = CollectionAnimationTest/Info.plist;
				LD_RUNPATH_SEARCH_PATHS = "$(inherited) @executable_path/Frameworks";
				PRODUCT_NAME = "$(TARGET_NAME)";
			};
			name = Release;
		};
		553FE2601B6FE2D100A4AD11 /* Debug */ = {
			isa = XCBuildConfiguration;
			buildSettings = {
				BUNDLE_LOADER = "$(TEST_HOST)";
				FRAMEWORK_SEARCH_PATHS = (
					"$(SDKROOT)/Developer/Library/Frameworks",
					"$(inherited)",
				);
				GCC_PREPROCESSOR_DEFINITIONS = (
					"DEBUG=1",
					"$(inherited)",
				);
				INFOPLIST_FILE = CollectionAnimationTestTests/Info.plist;
				LD_RUNPATH_SEARCH_PATHS = "$(inherited) @executable_path/Frameworks @loader_path/Frameworks";
				PRODUCT_NAME = "$(TARGET_NAME)";
				TEST_HOST = "$(BUILT_PRODUCTS_DIR)/CollectionAnimationTest.app/CollectionAnimationTest";
			};
			name = Debug;
		};
		553FE2611B6FE2D100A4AD11 /* Release */ = {
			isa = XCBuildConfiguration;
			buildSettings = {
				BUNDLE_LOADER = "$(TEST_HOST)";
				FRAMEWORK_SEARCH_PATHS = (
					"$(SDKROOT)/Developer/Library/Frameworks",
					"$(inherited)",
				);
				INFOPLIST_FILE = CollectionAnimationTestTests/Info.plist;
				LD_RUNPATH_SEARCH_PATHS = "$(inherited) @executable_path/Frameworks @loader_path/Frameworks";
				PRODUCT_NAME = "$(TARGET_NAME)";
				TEST_HOST = "$(BUILT_PRODUCTS_DIR)/CollectionAnimationTest.app/CollectionAnimationTest";
			};
			name = Release;
		};
/* End XCBuildConfiguration section */

/* Begin XCConfigurationList section */
		553FE2381B6FE2D100A4AD11 /* Build configuration list for PBXProject "CollectionAnimationTest" */ = {
			isa = XCConfigurationList;
			buildConfigurations = (
				553FE25A1B6FE2D100A4AD11 /* Debug */,
				553FE25B1B6FE2D100A4AD11 /* Release */,
			);
			defaultConfigurationIsVisible = 0;
			defaultConfigurationName = Release;
		};
		553FE25C1B6FE2D100A4AD11 /* Build configuration list for PBXNativeTarget "CollectionAnimationTest" */ = {
			isa = XCConfigurationList;
			buildConfigurations = (
				553FE25D1B6FE2D100A4AD11 /* Debug */,
				553FE25E1B6FE2D100A4AD11 /* Release */,
			);
			defaultConfigurationIsVisible = 0;
			defaultConfigurationName = Release;
		};
		553FE25F1B6FE2D100A4AD11 /* Build configuration list for PBXNativeTarget "CollectionAnimationTestTests" */ = {
			isa = XCConfigurationList;
			buildConfigurations = (
				553FE2601B6FE2D100A4AD11 /* Debug */,
				553FE2611B6FE2D100A4AD11 /* Release */,
			);
			defaultConfigurationIsVisible = 0;
			defaultConfigurationName = Release;
		};
/* End XCConfigurationList section */
	};
	rootObject = 553FE2351B6FE2D100A4AD11 /* Project object */;
}
